
Microsoft Visual Studio Solution File, Format Version 12.00
# Visual Studio 2013
VisualStudioVersion = 12.0.31101.0
MinimumVisualStudioVersion = 10.0.40219.1
Project("{F2A71F9B-5D33-465A-A702-920D77279786}") = "DataGrid", "DataGrid\DataGrid.fsproj", "{5A1F8918-5FF0-4C23-9E30-493BBB469E6C}"
EndProject
Project("{F2A71F9B-5D33-465A-A702-920D77279786}") = "ClipboardExtension", "ClipboardExtension\ClipboardExtension.fsproj", "{B366A2BF-9579-48A5-8208-E3DDE7702396}"
EndProject
Global
	GlobalSection(SolutionConfigurationPlatforms) = preSolution
		Debug|Any CPU = Debug|Any CPU
		Debug|Mixed Platforms = Debug|Mixed Platforms
		Debug|x86 = Debug|x86
		Release|Any CPU = Release|Any CPU
		Release|Mixed Platforms = Release|Mixed Platforms
		Release|x86 = Release|x86
	EndGlobalSection
	GlobalSection(ProjectConfigurationPlatforms) = postSolution
		{5A1F8918-5FF0-4C23-9E30-493BBB469E6C}.Debug|Any CPU.ActiveCfg = Debug|Any CPU
		{5A1F8918-5FF0-4C23-9E30-493BBB469E6C}.Debug|Any CPU.Build.0 = Debug|Any CPU
		{5A1F8918-5FF0-4C23-9E30-493BBB469E6C}.Debug|Mixed Platforms.ActiveCfg = Debug|Any CPU
		{5A1F8918-5FF0-4C23-9E30-493BBB469E6C}.Debug|Mixed Platforms.Build.0 = Debug|Any CPU
		{5A1F8918-5FF0-4C23-9E30-493BBB469E6C}.Debug|x86.ActiveCfg = Debug|Any CPU
		{5A1F8918-5FF0-4C23-9E30-493BBB469E6C}.Release|Any CPU.ActiveCfg = Release|Any CPU
		{5A1F8918-5FF0-4C23-9E30-493BBB469E6C}.Release|Any CPU.Build.0 = Release|Any CPU
		{5A1F8918-5FF0-4C23-9E30-493BBB469E6C}.Release|Mixed Platforms.ActiveCfg = Release|Any CPU
		{5A1F8918-5FF0-4C23-9E30-493BBB469E6C}.Release|Mixed Platforms.Build.0 = Release|Any CPU
		{5A1F8918-5FF0-4C23-9E30-493BBB469E6C}.Release|x86.ActiveCfg = Release|Any CPU
		{B366A2BF-9579-48A5-8208-E3DDE7702396}.Debug|Any CPU.ActiveCfg = Debug|Any CPU
		{B366A2BF-9579-48A5-8208-E3DDE7702396}.Debug|Any CPU.Build.0 = Debug|Any CPU
		{B366A2BF-9579-48A5-8208-E3DDE7702396}.Debug|Mixed Platforms.ActiveCfg = Debug|Any CPU
		{B366A2BF-9579-48A5-8208-E3DDE7702396}.Debug|Mixed Platforms.Build.0 = Debug|Any CPU
		{B366A2BF-9579-48A5-8208-E3DDE7702396}.Debug|x86.ActiveCfg = Debug|Any CPU
		{B366A2BF-9579-48A5-8208-E3DDE7702396}.Release|Any CPU.ActiveCfg = Release|Any CPU
		{B366A2BF-9579-48A5-8208-E3DDE7702396}.Release|Any CPU.Build.0 = Release|Any CPU
		{B366A2BF-9579-48A5-8208-E3DDE7702396}.Release|Mixed Platforms.ActiveCfg = Release|Any CPU
		{B366A2BF-9579-48A5-8208-E3DDE7702396}.Release|Mixed Platforms.Build.0 = Release|Any CPU
		{B366A2BF-9579-48A5-8208-E3DDE7702396}.Release|x86.ActiveCfg = Release|Any CPU
	EndGlobalSection
	GlobalSection(SolutionProperties) = preSolution
		HideSolutionNode = FALSE
	EndGlobalSection
EndGlobal
